
Microsoft Visual Studio Solution File, Format Version 12.00
# Visual Studio Version 17
VisualStudioVersion = 17.0.31903.59
MinimumVisualStudioVersion = 10.0.40219.1
Project("{FAE04EC0-301F-11D3-BF4B-00C04F79EFBC}") = "GeoRoute.Core", "GeoRoute.Core\GeoRoute.Core.csproj", "{4C4FFD5E-0FC0-4AD9-89F5-CEC21BE1A2F8}"
EndProject
Project("{FAE04EC0-301F-11D3-BF4B-00C04F79EFBC}") = "GeoRoute.Api", "GeoRoute.Api\GeoRoute.Api.csproj", "{1BB2219B-2BC1-4AAA-8F1F-C546487E8A99}"
EndProject
Project("{FAE04EC0-301F-11D3-BF4B-00C04F79EFBC}") = "GeoRoute.Functions", "GeoRoute.Functions\GeoRoute.Functions.csproj", "{C3ABF2FE-1FD4-4BD6-B031-4773A6091217}"
EndProject
Project("{FAE04EC0-301F-11D3-BF4B-00C04F79EFBC}") = "GeoRoute.Core.Tests", "GeoRoute.Core.Tests\GeoRoute.Core.Tests.csproj", "{8CE02B63-20A1-456C-9C24-13E997DCF9A8}"
EndProject
Project("{FAE04EC0-301F-11D3-BF4B-00C04F79EFBC}") = "GeoRoute.Functions.Tests", "GeoRoute.Functions.Tests\GeoRoute.Functions.Tests.csproj", "{3F64330D-F334-4202-84B2-FC28C205A877}"
EndProject
Global
	GlobalSection(SolutionConfigurationPlatforms) = preSolution
		Debug|Any CPU = Debug|Any CPU
		Debug|x64 = Debug|x64
		Debug|x86 = Debug|x86
		Release|Any CPU = Release|Any CPU
		Release|x64 = Release|x64
		Release|x86 = Release|x86
	EndGlobalSection
	GlobalSection(ProjectConfigurationPlatforms) = postSolution
		{4C4FFD5E-0FC0-4AD9-89F5-CEC21BE1A2F8}.Debug|Any CPU.ActiveCfg = Debug|Any CPU
		{4C4FFD5E-0FC0-4AD9-89F5-CEC21BE1A2F8}.Debug|Any CPU.Build.0 = Debug|Any CPU
		{4C4FFD5E-0FC0-4AD9-89F5-CEC21BE1A2F8}.Debug|x64.ActiveCfg = Debug|Any CPU
		{4C4FFD5E-0FC0-4AD9-89F5-CEC21BE1A2F8}.Debug|x64.Build.0 = Debug|Any CPU
		{4C4FFD5E-0FC0-4AD9-89F5-CEC21BE1A2F8}.Debug|x86.ActiveCfg = Debug|Any CPU
		{4C4FFD5E-0FC0-4AD9-89F5-CEC21BE1A2F8}.Debug|x86.Build.0 = Debug|Any CPU
		{4C4FFD5E-0FC0-4AD9-89F5-CEC21BE1A2F8}.Release|Any CPU.ActiveCfg = Release|Any CPU
		{4C4FFD5E-0FC0-4AD9-89F5-CEC21BE1A2F8}.Release|Any CPU.Build.0 = Release|Any CPU
		{4C4FFD5E-0FC0-4AD9-89F5-CEC21BE1A2F8}.Release|x64.ActiveCfg = Release|Any CPU
		{4C4FFD5E-0FC0-4AD9-89F5-CEC21BE1A2F8}.Release|x64.Build.0 = Release|Any CPU
		{4C4FFD5E-0FC0-4AD9-89F5-CEC21BE1A2F8}.Release|x86.ActiveCfg = Release|Any CPU
		{4C4FFD5E-0FC0-4AD9-89F5-CEC21BE1A2F8}.Release|x86.Build.0 = Release|Any CPU
		{1BB2219B-2BC1-4AAA-8F1F-C546487E8A99}.Debug|Any CPU.ActiveCfg = Debug|Any CPU
		{1BB2219B-2BC1-4AAA-8F1F-C546487E8A99}.Debug|Any CPU.Build.0 = Debug|Any CPU
		{1BB2219B-2BC1-4AAA-8F1F-C546487E8A99}.Debug|x64.ActiveCfg = Debug|Any CPU
		{1BB2219B-2BC1-4AAA-8F1F-C546487E8A99}.Debug|x64.Build.0 = Debug|Any CPU
		{1BB2219B-2BC1-4AAA-8F1F-C546487E8A99}.Debug|x86.ActiveCfg = Debug|Any CPU
		{1BB2219B-2BC1-4AAA-8F1F-C546487E8A99}.Debug|x86.Build.0 = Debug|Any CPU
		{1BB2219B-2BC1-4AAA-8F1F-C546487E8A99}.Release|Any CPU.ActiveCfg = Release|Any CPU
		{1BB2219B-2BC1-4AAA-8F1F-C546487E8A99}.Release|Any CPU.Build.0 = Release|Any CPU
		{1BB2219B-2BC1-4AAA-8F1F-C546487E8A99}.Release|x64.ActiveCfg = Release|Any CPU
		{1BB2219B-2BC1-4AAA-8F1F-C546487E8A99}.Release|x64.Build.0 = Release|Any CPU
		{1BB2219B-2BC1-4AAA-8F1F-C546487E8A99}.Release|x86.ActiveCfg = Release|Any CPU
		{1BB2219B-2BC1-4AAA-8F1F-C546487E8A99}.Release|x86.Build.0 = Release|Any CPU
		{C3ABF2FE-1FD4-4BD6-B031-4773A6091217}.Debug|Any CPU.ActiveCfg = Debug|Any CPU
		{C3ABF2FE-1FD4-4BD6-B031-4773A6091217}.Debug|Any CPU.Build.0 = Debug|Any CPU
		{C3ABF2FE-1FD4-4BD6-B031-4773A6091217}.Debug|x64.ActiveCfg = Debug|Any CPU
		{C3ABF2FE-1FD4-4BD6-B031-4773A6091217}.Debug|x64.Build.0 = Debug|Any CPU
		{C3ABF2FE-1FD4-4BD6-B031-4773A6091217}.Debug|x86.ActiveCfg = Debug|Any CPU
		{C3ABF2FE-1FD4-4BD6-B031-4773A6091217}.Debug|x86.Build.0 = Debug|Any CPU
		{C3ABF2FE-1FD4-4BD6-B031-4773A6091217}.Release|Any CPU.ActiveCfg = Release|Any CPU
		{C3ABF2FE-1FD4-4BD6-B031-4773A6091217}.Release|Any CPU.Build.0 = Release|Any CPU
		{C3ABF2FE-1FD4-4BD6-B031-4773A6091217}.Release|x64.ActiveCfg = Release|Any CPU
		{C3ABF2FE-1FD4-4BD6-B031-4773A6091217}.Release|x64.Build.0 = Release|Any CPU
		{C3ABF2FE-1FD4-4BD6-B031-4773A6091217}.Release|x86.ActiveCfg = Release|Any CPU
		{C3ABF2FE-1FD4-4BD6-B031-4773A6091217}.Release|x86.Build.0 = Release|Any CPU
		{8CE02B63-20A1-456C-9C24-13E997DCF9A8}.Debug|Any CPU.ActiveCfg = Debug|Any CPU
		{8CE02B63-20A1-456C-9C24-13E997DCF9A8}.Debug|Any CPU.Build.0 = Debug|Any CPU
		{8CE02B63-20A1-456C-9C24-13E997DCF9A8}.Debug|x64.ActiveCfg = Debug|Any CPU
		{8CE02B63-20A1-456C-9C24-13E997DCF9A8}.Debug|x64.Build.0 = Debug|Any CPU
		{8CE02B63-20A1-456C-9C24-13E997DCF9A8}.Debug|x86.ActiveCfg = Debug|Any CPU
		{8CE02B63-20A1-456C-9C24-13E997DCF9A8}.Debug|x86.Build.0 = Debug|Any CPU
		{8CE02B63-20A1-456C-9C24-13E997DCF9A8}.Release|Any CPU.ActiveCfg = Release|Any CPU
		{8CE02B63-20A1-456C-9C24-13E997DCF9A8}.Release|Any CPU.Build.0 = Release|Any CPU
		{8CE02B63-20A1-456C-9C24-13E997DCF9A8}.Release|x64.ActiveCfg = Release|Any CPU
		{8CE02B63-20A1-456C-9C24-13E997DCF9A8}.Release|x64.Build.0 = Release|Any CPU
		{8CE02B63-20A1-456C-9C24-13E997DCF9A8}.Release|x86.ActiveCfg = Release|Any CPU
		{8CE02B63-20A1-456C-9C24-13E997DCF9A8}.Release|x86.Build.0 = Release|Any CPU
		{3F64330D-F334-4202-84B2-FC28C205A877}.Debug|Any CPU.ActiveCfg = Debug|Any CPU
		{3F64330D-F334-4202-84B2-FC28C205A877}.Debug|Any CPU.Build.0 = Debug|Any CPU
		{3F64330D-F334-4202-84B2-FC28C205A877}.Debug|x64.ActiveCfg = Debug|Any CPU
		{3F64330D-F334-4202-84B2-FC28C205A877}.Debug|x64.Build.0 = Debug|Any CPU
		{3F64330D-F334-4202-84B2-FC28C205A877}.Debug|x86.ActiveCfg = Debug|Any CPU
		{3F64330D-F334-4202-84B2-FC28C205A877}.Debug|x86.Build.0 = Debug|Any CPU
		{3F64330D-F334-4202-84B2-FC28C205A877}.Release|Any CPU.ActiveCfg = Release|Any CPU
		{3F64330D-F334-4202-84B2-FC28C205A877}.Release|Any CPU.Build.0 = Release|Any CPU
		{3F64330D-F334-4202-84B2-FC28C205A877}.Release|x64.ActiveCfg = Release|Any CPU
		{3F64330D-F334-4202-84B2-FC28C205A877}.Release|x64.Build.0 = Release|Any CPU
		{3F64330D-F334-4202-84B2-FC28C205A877}.Release|x86.ActiveCfg = Release|Any CPU
		{3F64330D-F334-4202-84B2-FC28C205A877}.Release|x86.Build.0 = Release|Any CPU
	EndGlobalSection
	GlobalSection(SolutionProperties) = preSolution
		HideSolutionNode = FALSE
	EndGlobalSection
EndGlobal
